
Microsoft Visual Studio Solution File, Format Version 12.00
# Visual Studio 2015
Project("{FAE04EC0-301F-11D3-BF4B-00C04F79EFBC}") = "AGS_Game.CSharp", "AGS_Game.CSharp.csproj", "{9605E99E-0FAD-D70F-92D9-F730B4196222}"
EndProject
Global
	GlobalSection(SolutionConfigurationPlatforms) = preSolution
		Debug|Any CPU = Debug|Any CPU
		Release|Any CPU = Release|Any CPU
	EndGlobalSection
	GlobalSection(ProjectConfigurationPlatforms) = postSolution
		{9605E99E-0FAD-D70F-92D9-F730B4196222}.Debug|Any CPU.ActiveCfg = Debug|Any CPU
		{9605E99E-0FAD-D70F-92D9-F730B4196222}.Debug|Any CPU.Build.0 = Debug|Any CPU
		{9605E99E-0FAD-D70F-92D9-F730B4196222}.Release|Any CPU.ActiveCfg = Release|Any CPU
		{9605E99E-0FAD-D70F-92D9-F730B4196222}.Release|Any CPU.Build.0 = Release|Any CPU
	EndGlobalSection
	GlobalSection(SolutionProperties) = preSolution
		HideSolutionNode = FALSE
	EndGlobalSection
EndGlobal
